
Microsoft Visual Studio Solution File, Format Version 12.00
# Visual Studio Version 17
VisualStudioVersion = 17.6.33829.357
MinimumVisualStudioVersion = 10.0.40219.1
Project("{F184B08F-C81C-45F6-A57F-5ABD9991F28F}") = "NombreProyecto", "NombreProyecto.vbproj", "{6586675E-FC40-47BE-9058-F914C13CBE42}"
EndProject
Global
	GlobalSection(SolutionConfigurationPlatforms) = preSolution
		Debug|Any CPU = Debug|Any CPU
		Release|Any CPU = Release|Any CPU
	EndGlobalSection
	GlobalSection(ProjectConfigurationPlatforms) = postSolution
		{6586675E-FC40-47BE-9058-F914C13CBE42}.Debug|Any CPU.ActiveCfg = Debug|Any CPU
		{6586675E-FC40-47BE-9058-F914C13CBE42}.Debug|Any CPU.Build.0 = Debug|Any CPU
		{6586675E-FC40-47BE-9058-F914C13CBE42}.Release|Any CPU.ActiveCfg = Release|Any CPU
		{6586675E-FC40-47BE-9058-F914C13CBE42}.Release|Any CPU.Build.0 = Release|Any CPU
	EndGlobalSection
	GlobalSection(SolutionProperties) = preSolution
		HideSolutionNode = FALSE
	EndGlobalSection
	GlobalSection(ExtensibilityGlobals) = postSolution
		SolutionGuid = {35320109-15B7-4098-BB81-50F277AE0DC6}
	EndGlobalSection
EndGlobal
